// !$*UTF8*$!
{
	archiveVersion = 1;
	classes = {
	};
	objectVersion = 46;
	objects = {

/* Begin PBXBuildFile section */
		DF6074F41B70934B00E27133 /* main.m in Sources */ = {isa = PBXBuildFile; fileRef = DF6074F31B70934B00E27133 /* main.m */; };
		DF6074F71B70934B00E27133 /* AppDelegate.m in Sources */ = {isa = PBXBuildFile; fileRef = DF6074F61B70934B00E27133 /* AppDelegate.m */; };
		DF6074FA1B70934B00E27133 /* ViewController.m in Sources */ = {isa = PBXBuildFile; fileRef = DF6074F91B70934B00E27133 /* ViewController.m */; };
		DF6074FD1B70934B00E27133 /* Main.storyboard in Resources */ = {isa = PBXBuildFile; fileRef = DF6074FB1B70934B00E27133 /* Main.storyboard */; };
		DF6074FF1B70934B00E27133 /* Images.xcassets in Resources */ = {isa = PBXBuildFile; fileRef = DF6074FE1B70934B00E27133 /* Images.xcassets */; };
		DF6075021B70934B00E27133 /* LaunchScreen.xib in Resources */ = {isa = PBXBuildFile; fileRef = DF6075001B70934B00E27133 /* LaunchScreen.xib */; };
		DF60750E1B70934B00E27133 /* DemoTests.m in Sources */ = {isa = PBXBuildFile; fileRef = DF60750D1B70934B00E27133 /* DemoTests.m */; };
		DF60751A1B70939B00E27133 /* ZQCountDownView.m in Sources */ = {isa = PBXBuildFile; fileRef = DF6075191B70939B00E27133 /* ZQCountDownView.m */; };
/* End PBXBuildFile section */

/* Begin PBXContainerItemProxy section */
		DF6075081B70934B00E27133 /* PBXContainerItemProxy */ = {
			isa = PBXContainerItemProxy;
			containerPortal = DF6074E61B70934B00E27133 /* Project object */;
			proxyType = 1;
			remoteGlobalIDString = DF6074ED1B70934B00E27133;
			remoteInfo = Demo;
		};
/* End PBXContainerItemProxy section */

/* Begin PBXFileReference section */
		DF6074EE1B70934B00E27133 /* Demo.app */ = {isa = PBXFileReference; explicitFileType = wrapper.application; includeInIndex = 0; path = Demo.app; sourceTree = BUILT_PRODUCTS_DIR; };
		DF6074F21B70934B00E27133 /* Info.plist */ = {isa = PBXFileReference; lastKnownFileType = text.plist.xml; path = Info.plist; sourceTree = "<group>"; };
		DF6074F31B70934B00E27133 /* main.m */ = {isa = PBXFileReference; lastKnownFileType = sourcecode.c.objc; path = main.m; sourceTree = "<group>"; };
		DF6074F51B70934B00E27133 /* AppDelegate.h */ = {isa = PBXFileReference; lastKnownFileType = sourcecode.c.h; path = AppDelegate.h; sourceTree = "<group>"; };
		DF6074F61B70934B00E27133 /* AppDelegate.m */ = {isa = PBXFileReference; lastKnownFileType = sourcecode.c.objc; path = AppDelegate.m; sourceTree = "<group>"; };
		DF6074F81B70934B00E27133 /* ViewController.h */ = {isa = PBXFileReference; lastKnownFileType = sourcecode.c.h; path = ViewController.h; sourceTree = "<group>"; };
		DF6074F91B70934B00E27133 /* ViewController.m */ = {isa = PBXFileReference; lastKnownFileType = sourcecode.c.objc; path = ViewController.m; sourceTree = "<group>"; };
		DF6074FC1B70934B00E27133 /* Base */ = {isa = PBXFileReference; lastKnownFileType = file.storyboard; name = Base; path = Base.lproj/Main.storyboard; sourceTree = "<group>"; };
		DF6074FE1B70934B00E27133 /* Images.xcassets */ = {isa = PBXFileReference; lastKnownFileType = folder.assetcatalog; path = Images.xcassets; sourceTree = "<group>"; };
		DF6075011B70934B00E27133 /* Base */ = {isa = PBXFileReference; lastKnownFileType = file.xib; name = Base; path = Base.lproj/LaunchScreen.xib; sourceTree = "<group>"; };
		DF6075071B70934B00E27133 /* DemoTests.xctest */ = {isa = PBXFileReference; explicitFileType = wrapper.cfbundle; includeInIndex = 0; path = DemoTests.xctest; sourceTree = BUILT_PRODUCTS_DIR; };
		DF60750C1B70934B00E27133 /* Info.plist */ = {isa = PBXFileReference; lastKnownFileType = text.plist.xml; path = Info.plist; sourceTree = "<group>"; };
		DF60750D1B70934B00E27133 /* DemoTests.m */ = {isa = PBXFileReference; lastKnownFileType = sourcecode.c.objc; path = DemoTests.m; sourceTree = "<group>"; };
		DF6075181B70939B00E27133 /* ZQCountDownView.h */ = {isa = PBXFileReference; fileEncoding = 4; lastKnownFileType = sourcecode.c.h; path = ZQCountDownView.h; sourceTree = "<group>"; };
		DF6075191B70939B00E27133 /* ZQCountDownView.m */ = {isa = PBXFileReference; fileEncoding = 4; lastKnownFileType = sourcecode.c.objc; path = ZQCountDownView.m; sourceTree = "<group>"; };
/* End PBXFileReference section */

/* Begin PBXFrameworksBuildPhase section */
		DF6074EB1B70934B00E27133 /* Frameworks */ = {
			isa = PBXFrameworksBuildPhase;
			buildActionMask = 2147483647;
			files = (
			);
			runOnlyForDeploymentPostprocessing = 0;
		};
		DF6075041B70934B00E27133 /* Frameworks */ = {
			isa = PBXFrameworksBuildPhase;
			buildActionMask = 2147483647;
			files = (
			);
			runOnlyForDeploymentPostprocessing = 0;
		};
/* End PBXFrameworksBuildPhase section */

/* Begin PBXGroup section */
		DF6074E51B70934B00E27133 = {
			isa = PBXGroup;
			children = (
				DF6075171B70939B00E27133 /* CountDownView */,
				DF6074F01B70934B00E27133 /* Demo */,
				DF60750A1B70934B00E27133 /* DemoTests */,
				DF6074EF1B70934B00E27133 /* Products */,
			);
			sourceTree = "<group>";
		};
		DF6074EF1B70934B00E27133 /* Products */ = {
			isa = PBXGroup;
			children = (
				DF6074EE1B70934B00E27133 /* Demo.app */,
				DF6075071B70934B00E27133 /* DemoTests.xctest */,
			);
			name = Products;
			sourceTree = "<group>";
		};
		DF6074F01B70934B00E27133 /* Demo */ = {
			isa = PBXGroup;
			children = (
				DF6074F51B70934B00E27133 /* AppDelegate.h */,
				DF6074F61B70934B00E27133 /* AppDelegate.m */,
				DF6074F81B70934B00E27133 /* ViewController.h */,
				DF6074F91B70934B00E27133 /* ViewController.m */,
				DF6074FB1B70934B00E27133 /* Main.storyboard */,
				DF6074FE1B70934B00E27133 /* Images.xcassets */,
				DF6075001B70934B00E27133 /* LaunchScreen.xib */,
				DF6074F11B70934B00E27133 /* Supporting Files */,
			);
			path = Demo;
			sourceTree = "<group>";
		};
		DF6074F11B70934B00E27133 /* Supporting Files */ = {
			isa = PBXGroup;
			children = (
				DF6074F21B70934B00E27133 /* Info.plist */,
				DF6074F31B70934B00E27133 /* main.m */,
			);
			name = "Supporting Files";
			sourceTree = "<group>";
		};
		DF60750A1B70934B00E27133 /* DemoTests */ = {
			isa = PBXGroup;
			children = (
				DF60750D1B70934B00E27133 /* DemoTests.m */,
				DF60750B1B70934B00E27133 /* Supporting Files */,
			);
			path = DemoTests;
			sourceTree = "<group>";
		};
		DF60750B1B70934B00E27133 /* Supporting Files */ = {
			isa = PBXGroup;
			children = (
				DF60750C1B70934B00E27133 /* Info.plist */,
			);
			name = "Supporting Files";
			sourceTree = "<group>";
		};
		DF6075171B70939B00E27133 /* CountDownView */ = {
			isa = PBXGroup;
			children = (
				DF6075181B70939B00E27133 /* ZQCountDownView.h */,
				DF6075191B70939B00E27133 /* ZQCountDownView.m */,
			);
			path = CountDownView;
			sourceTree = "<group>";
		};
/* End PBXGroup section */

/* Begin PBXNativeTarget section */
		DF6074ED1B70934B00E27133 /* Demo */ = {
			isa = PBXNativeTarget;
			buildConfigurationList = DF6075111B70934B00E27133 /* Build configuration list for PBXNativeTarget "Demo" */;
			buildPhases = (
				DF6074EA1B70934B00E27133 /* Sources */,
				DF6074EB1B70934B00E27133 /* Frameworks */,
				DF6074EC1B70934B00E27133 /* Resources */,
			);
			buildRules = (
			);
			dependencies = (
			);
			name = Demo;
			productName = Demo;
			productReference = DF6074EE1B70934B00E27133 /* Demo.app */;
			productType = "com.apple.product-type.application";
		};
		DF6075061B70934B00E27133 /* DemoTests */ = {
			isa = PBXNativeTarget;
			buildConfigurationList = DF6075141B70934B00E27133 /* Build configuration list for PBXNativeTarget "DemoTests" */;
			buildPhases = (
				DF6075031B70934B00E27133 /* Sources */,
				DF6075041B70934B00E27133 /* Frameworks */,
				DF6075051B70934B00E27133 /* Resources */,
			);
			buildRules = (
			);
			dependencies = (
				DF6075091B70934B00E27133 /* PBXTargetDependency */,
			);
			name = DemoTests;
			productName = DemoTests;
			productReference = DF6075071B70934B00E27133 /* DemoTests.xctest */;
			productType = "com.apple.product-type.bundle.unit-test";
		};
/* End PBXNativeTarget section */

/* Begin PBXProject section */
		DF6074E61B70934B00E27133 /* Project object */ = {
			isa = PBXProject;
			attributes = {
				LastUpgradeCheck = 0640;
				ORGANIZATIONNAME = aoliday;
				TargetAttributes = {
					DF6074ED1B70934B00E27133 = {
						CreatedOnToolsVersion = 6.4;
					};
					DF6075061B70934B00E27133 = {
						CreatedOnToolsVersion = 6.4;
						TestTargetID = DF6074ED1B70934B00E27133;
					};
				};
			};
			buildConfigurationList = DF6074E91B70934B00E27133 /* Build configuration list for PBXProject "Demo" */;
			compatibilityVersion = "Xcode 3.2";
			developmentRegion = English;
			hasScannedForEncodings = 0;
			knownRegions = (
				en,
				Base,
			);
			mainGroup = DF6074E51B70934B00E27133;
			productRefGroup = DF6074EF1B70934B00E27133 /* Products */;
			projectDirPath = "";
			projectRoot = "";
			targets = (
				DF6074ED1B70934B00E27133 /* Demo */,
				DF6075061B70934B00E27133 /* DemoTests */,
			);
		};
/* End PBXProject section */

/* Begin PBXResourcesBuildPhase section */
		DF6074EC1B70934B00E27133 /* Resources */ = {
			isa = PBXResourcesBuildPhase;
			buildActionMask = 2147483647;
			files = (
				DF6074FD1B70934B00E27133 /* Main.storyboard in Resources */,
				DF6075021B70934B00E27133 /* LaunchScreen.xib in Resources */,
				DF6074FF1B70934B00E27133 /* Images.xcassets in Resources */,
			);
			runOnlyForDeploymentPostprocessing = 0;
		};
		DF6075051B70934B00E27133 /* Resources */ = {
			isa = PBXResourcesBuildPhase;
			buildActionMask = 2147483647;
			files = (
			);
			runOnlyForDeploymentPostprocessing = 0;
		};
/* End PBXResourcesBuildPhase section */

/* Begin PBXSourcesBuildPhase section */
		DF6074EA1B70934B00E27133 /* Sources */ = {
			isa = PBXSourcesBuildPhase;
			buildActionMask = 2147483647;
			files = (
				DF6074FA1B70934B00E27133 /* ViewController.m in Sources */,
				DF6074F71B70934B00E27133 /* AppDelegate.m in Sources */,
				DF6074F41B70934B00E27133 /* main.m in Sources */,
				DF60751A1B70939B00E27133 /* ZQCountDownView.m in Sources */,
			);
			runOnlyForDeploymentPostprocessing = 0;
		};
		DF6075031B70934B00E27133 /* Sources */ = {
			isa = PBXSourcesBuildPhase;
			buildActionMask = 2147483647;
			files = (
				DF60750E1B70934B00E27133 /* DemoTests.m in Sources */,
			);
			runOnlyForDeploymentPostprocessing = 0;
		};
/* End PBXSourcesBuildPhase section */

/* Begin PBXTargetDependency section */
		DF6075091B70934B00E27133 /* PBXTargetDependency */ = {
			isa = PBXTargetDependency;
			target = DF6074ED1B70934B00E27133 /* Demo */;
			targetProxy = DF6075081B70934B00E27133 /* PBXContainerItemProxy */;
		};
/* End PBXTargetDependency section */

/* Begin PBXVariantGroup section */
		DF6074FB1B70934B00E27133 /* Main.storyboard */ = {
			isa = PBXVariantGroup;
			children = (
				DF6074FC1B70934B00E27133 /* Base */,
			);
			name = Main.storyboard;
			sourceTree = "<group>";
		};
		DF6075001B70934B00E27133 /* LaunchScreen.xib */ = {
			isa = PBXVariantGroup;
			children = (
				DF6075011B70934B00E27133 /* Base */,
			);
			name = LaunchScreen.xib;
			sourceTree = "<group>";
		};
/* End PBXVariantGroup section */

/* Begin XCBuildConfiguration section */
		DF60750F1B70934B00E27133 /* Debug */ = {
			isa = XCBuildConfiguration;
			buildSettings = {
				ALWAYS_SEARCH_USER_PATHS = NO;
				CLANG_CXX_LANGUAGE_STANDARD = "gnu++0x";
				CLANG_CXX_LIBRARY = "libc++";
				CLANG_ENABLE_MODULES = YES;
				CLANG_ENABLE_OBJC_ARC = YES;
				CLANG_WARN_BOOL_CONVERSION = YES;
				CLANG_WARN_CONSTANT_CONVERSION = YES;
				CLANG_WARN_DIRECT_OBJC_ISA_USAGE = YES_ERROR;
				CLANG_WARN_EMPTY_BODY = YES;
				CLANG_WARN_ENUM_CONVERSION = YES;
				CLANG_WARN_INT_CONVERSION = YES;
				CLANG_WARN_OBJC_ROOT_CLASS = YES_ERROR;
				CLANG_WARN_UNREACHABLE_CODE = YES;
				CLANG_WARN__DUPLICATE_METHOD_MATCH = YES;
				"CODE_SIGN_IDENTITY[sdk=iphoneos*]" = "iPhone Developer";
				COPY_PHASE_STRIP = NO;
				DEBUG_INFORMATION_FORMAT = "dwarf-with-dsym";
				ENABLE_STRICT_OBJC_MSGSEND = YES;
				GCC_C_LANGUAGE_STANDARD = gnu99;
				GCC_DYNAMIC_NO_PIC = NO;
				GCC_NO_COMMON_BLOCKS = YES;
				GCC_OPTIMIZATION_LEVEL = 0;
				GCC_PREPROCESSOR_DEFINITIONS = (
					"DEBUG=1",
					"$(inherited)",
				);
				GCC_SYMBOLS_PRIVATE_EXTERN = NO;
				GCC_WARN_64_TO_32_BIT_CONVERSION = YES;
				GCC_WARN_ABOUT_RETURN_TYPE = YES_ERROR;
				GCC_WARN_UNDECLARED_SELECTOR = YES;
				GCC_WARN_UNINITIALIZED_AUTOS = YES_AGGRESSIVE;
				GCC_WARN_UNUSED_FUNCTION = YES;
				GCC_WARN_UNUSED_VARIABLE = YES;
				IPHONEOS_DEPLOYMENT_TARGET = 8.4;
				MTL_ENABLE_DEBUG_INFO = YES;
				ONLY_ACTIVE_ARCH = YES;
				SDKROOT = iphoneos;
			};
			name = Debug;
		};
		DF6075101B70934B00E27133 /* Release */ = {
			isa = XCBuildConfiguration;
			buildSettings = {
				ALWAYS_SEARCH_USER_PATHS = NO;
				CLANG_CXX_LANGUAGE_STANDARD = "gnu++0x";
				CLANG_CXX_LIBRARY = "libc++";
				CLANG_ENABLE_MODULES = YES;
				CLANG_ENABLE_OBJC_ARC = YES;
				CLANG_WARN_BOOL_CONVERSION = YES;
				CLANG_WARN_CONSTANT_CONVERSION = YES;
				CLANG_WARN_DIRECT_OBJC_ISA_USAGE = YES_ERROR;
				CLANG_WARN_EMPTY_BODY = YES;
				CLANG_WARN_ENUM_CONVERSION = YES;
				CLANG_WARN_INT_CONVERSION = YES;
				CLANG_WARN_OBJC_ROOT_CLASS = YES_ERROR;
				CLANG_WARN_UNREACHABLE_CODE = YES;
				CLANG_WARN__DUPLICATE_METHOD_MATCH = YES;
				"CODE_SIGN_IDENTITY[sdk=iphoneos*]" = "iPhone Developer";
				COPY_PHASE_STRIP = NO;
				DEBUG_INFORMATION_FORMAT = "dwarf-with-dsym";
				ENABLE_NS_ASSERTIONS = NO;
				ENABLE_STRICT_OBJC_MSGSEND = YES;
				GCC_C_LANGUAGE_STANDARD = gnu99;
				GCC_NO_COMMON_BLOCKS = YES;
				GCC_WARN_64_TO_32_BIT_CONVERSION = YES;
				GCC_WARN_ABOUT_RETURN_TYPE = YES_ERROR;
				GCC_WARN_UNDECLARED_SELECTOR = YES;
				GCC_WARN_UNINITIALIZED_AUTOS = YES_AGGRESSIVE;
				GCC_WARN_UNUSED_FUNCTION = YES;
				GCC_WARN_UNUSED_VARIABLE = YES;
				IPHONEOS_DEPLOYMENT_TARGET = 8.4;
				MTL_ENABLE_DEBUG_INFO = NO;
				SDKROOT = iphoneos;
				VALIDATE_PRODUCT = YES;
			};
			name = Release;
		};
		DF6075121B70934B00E27133 /* Debug */ = {
			isa = XCBuildConfiguration;
			buildSettings = {
				ASSETCATALOG_COMPILER_APPICON_NAME = AppIcon;
				INFOPLIST_FILE = Demo/Info.plist;
				IPHONEOS_DEPLOYMENT_TARGET = 7.0;
				LD_RUNPATH_SEARCH_PATHS = "$(inherited) @executable_path/Frameworks";
				PRODUCT_NAME = "$(TARGET_NAME)";
			};
			name = Debug;
		};
		DF6075131B70934B00E27133 /* Release */ = {
			isa = XCBuildConfiguration;
			buildSettings = {
				ASSETCATALOG_COMPILER_APPICON_NAME = AppIcon;
				INFOPLIST_FILE = Demo/Info.plist;
				IPHONEOS_DEPLOYMENT_TARGET = 7.0;
				LD_RUNPATH_SEARCH_PATHS = "$(inherited) @executable_path/Frameworks";
				PRODUCT_NAME = "$(TARGET_NAME)";
			};
			name = Release;
		};
		DF6075151B70934B00E27133 /* Debug */ = {
			isa = XCBuildConfiguration;
			buildSettings = {
				BUNDLE_LOADER = "$(TEST_HOST)";
				FRAMEWORK_SEARCH_PATHS = (
					"$(SDKROOT)/Developer/Library/Frameworks",
					"$(inherited)",
				);
				GCC_PREPROCESSOR_DEFINITIONS = (
					"DEBUG=1",
					"$(inherited)",
				);
				INFOPLIST_FILE = DemoTests/Info.plist;
				LD_RUNPATH_SEARCH_PATHS = "$(inherited) @executable_path/Frameworks @loader_path/Frameworks";
				PRODUCT_NAME = "$(TARGET_NAME)";
				TEST_HOST = "$(BUILT_PRODUCTS_DIR)/Demo.app/Demo";
			};
			name = Debug;
		};
		DF6075161B70934B00E27133 /* Release */ = {
			isa = XCBuildConfiguration;
			buildSettings = {
				BUNDLE_LOADER = "$(TEST_HOST)";
				FRAMEWORK_SEARCH_PATHS = (
					"$(SDKROOT)/Developer/Library/Frameworks",
					"$(inherited)",
				);
				INFOPLIST_FILE = DemoTests/Info.plist;
				LD_RUNPATH_SEARCH_PATHS = "$(inherited) @executable_path/Frameworks @loader_path/Frameworks";
				PRODUCT_NAME = "$(TARGET_NAME)";
				TEST_HOST = "$(BUILT_PRODUCTS_DIR)/Demo.app/Demo";
			};
			name = Release;
		};
/* End XCBuildConfiguration section */

/* Begin XCConfigurationList section */
		DF6074E91B70934B00E27133 /* Build configuration list for PBXProject "Demo" */ = {
			isa = XCConfigurationList;
			buildConfigurations = (
				DF60750F1B70934B00E27133 /* Debug */,
				DF6075101B70934B00E27133 /* Release */,
			);
			defaultConfigurationIsVisible = 0;
			defaultConfigurationName = Release;
		};
		DF6075111B70934B00E27133 /* Build configuration list for PBXNativeTarget "Demo" */ = {
			isa = XCConfigurationList;
			buildConfigurations = (
				DF6075121B70934B00E27133 /* Debug */,
				DF6075131B70934B00E27133 /* Release */,
			);
			defaultConfigurationIsVisible = 0;
		};
		DF6075141B70934B00E27133 /* Build configuration list for PBXNativeTarget "DemoTests" */ = {
			isa = XCConfigurationList;
			buildConfigurations = (
				DF6075151B70934B00E27133 /* Debug */,
				DF6075161B70934B00E27133 /* Release */,
			);
			defaultConfigurationIsVisible = 0;
		};
/* End XCConfigurationList section */
	};
	rootObject = DF6074E61B70934B00E27133 /* Project object */;
}
